
Microsoft Visual Studio Solution File, Format Version 12.00
# Visual Studio Version 17
VisualStudioVersion = 17.3.32811.315
MinimumVisualStudioVersion = 10.0.40219.1
Project("{9A19103F-16F7-4668-BE54-9A1E7A4F7556}") = "KampIntro", "KampIntro\KampIntro.csproj", "{0785D642-FCAD-472A-AFB6-B6A965C089A4}"
EndProject
Project("{9A19103F-16F7-4668-BE54-9A1E7A4F7556}") = "Donguler", "Donguler\Donguler.csproj", "{3B2D4AAA-EC9F-4270-9D53-DD7C2D68C655}"
EndProject
Project("{9A19103F-16F7-4668-BE54-9A1E7A4F7556}") = "ClassIntro", "ClassIntro\ClassIntro.csproj", "{FCA9610B-7297-47C3-BACE-485D6184D1C0}"
EndProject
Project("{FAE04EC0-301F-11D3-BF4B-00C04F79EFBC}") = "Metodlar", "Metodlar\Metodlar.csproj", "{DAE94F3D-723C-4CE0-B683-7535443C021C}"
EndProject
Project("{FAE04EC0-301F-11D3-BF4B-00C04F79EFBC}") = "Matematik", "Matematik\Matematik.csproj", "{9EA654A6-139F-4CDE-AC15-28DFB16011EA}"
EndProject
Project("{FAE04EC0-301F-11D3-BF4B-00C04F79EFBC}") = "DegerVeReferansTipler", "DegerVeReferansTipler\DegerVeReferansTipler.csproj", "{3EA3F325-A707-46D2-BAFB-EDCEDEDFB2C2}"
EndProject
Global
	GlobalSection(SolutionConfigurationPlatforms) = preSolution
		Debug|Any CPU = Debug|Any CPU
		Release|Any CPU = Release|Any CPU
	EndGlobalSection
	GlobalSection(ProjectConfigurationPlatforms) = postSolution
		{0785D642-FCAD-472A-AFB6-B6A965C089A4}.Debug|Any CPU.ActiveCfg = Debug|Any CPU
		{0785D642-FCAD-472A-AFB6-B6A965C089A4}.Debug|Any CPU.Build.0 = Debug|Any CPU
		{0785D642-FCAD-472A-AFB6-B6A965C089A4}.Release|Any CPU.ActiveCfg = Release|Any CPU
		{0785D642-FCAD-472A-AFB6-B6A965C089A4}.Release|Any CPU.Build.0 = Release|Any CPU
		{3B2D4AAA-EC9F-4270-9D53-DD7C2D68C655}.Debug|Any CPU.ActiveCfg = Debug|Any CPU
		{3B2D4AAA-EC9F-4270-9D53-DD7C2D68C655}.Debug|Any CPU.Build.0 = Debug|Any CPU
		{3B2D4AAA-EC9F-4270-9D53-DD7C2D68C655}.Release|Any CPU.ActiveCfg = Release|Any CPU
		{3B2D4AAA-EC9F-4270-9D53-DD7C2D68C655}.Release|Any CPU.Build.0 = Release|Any CPU
		{FCA9610B-7297-47C3-BACE-485D6184D1C0}.Debug|Any CPU.ActiveCfg = Debug|Any CPU
		{FCA9610B-7297-47C3-BACE-485D6184D1C0}.Debug|Any CPU.Build.0 = Debug|Any CPU
		{FCA9610B-7297-47C3-BACE-485D6184D1C0}.Release|Any CPU.ActiveCfg = Release|Any CPU
		{FCA9610B-7297-47C3-BACE-485D6184D1C0}.Release|Any CPU.Build.0 = Release|Any CPU
		{DAE94F3D-723C-4CE0-B683-7535443C021C}.Debug|Any CPU.ActiveCfg = Debug|Any CPU
		{DAE94F3D-723C-4CE0-B683-7535443C021C}.Debug|Any CPU.Build.0 = Debug|Any CPU
		{DAE94F3D-723C-4CE0-B683-7535443C021C}.Release|Any CPU.ActiveCfg = Release|Any CPU
		{DAE94F3D-723C-4CE0-B683-7535443C021C}.Release|Any CPU.Build.0 = Release|Any CPU
		{9EA654A6-139F-4CDE-AC15-28DFB16011EA}.Debug|Any CPU.ActiveCfg = Debug|Any CPU
		{9EA654A6-139F-4CDE-AC15-28DFB16011EA}.Debug|Any CPU.Build.0 = Debug|Any CPU
		{9EA654A6-139F-4CDE-AC15-28DFB16011EA}.Release|Any CPU.ActiveCfg = Release|Any CPU
		{9EA654A6-139F-4CDE-AC15-28DFB16011EA}.Release|Any CPU.Build.0 = Release|Any CPU
		{3EA3F325-A707-46D2-BAFB-EDCEDEDFB2C2}.Debug|Any CPU.ActiveCfg = Debug|Any CPU
		{3EA3F325-A707-46D2-BAFB-EDCEDEDFB2C2}.Debug|Any CPU.Build.0 = Debug|Any CPU
		{3EA3F325-A707-46D2-BAFB-EDCEDEDFB2C2}.Release|Any CPU.ActiveCfg = Release|Any CPU
		{3EA3F325-A707-46D2-BAFB-EDCEDEDFB2C2}.Release|Any CPU.Build.0 = Release|Any CPU
	EndGlobalSection
	GlobalSection(SolutionProperties) = preSolution
		HideSolutionNode = FALSE
	EndGlobalSection
	GlobalSection(ExtensibilityGlobals) = postSolution
		SolutionGuid = {2DEC3F82-6774-4157-9EB5-53542F379D3F}
	EndGlobalSection
EndGlobal
